{"format_version":"1.2","terraform_version":"1.7.3","variables":{"azs":{"value":["us-east-1a","us-east-1b","us-east-1c","us-east-1d","us-east-1e","us-east-1f"]},"ntierVpccidr":{"value":"10.0.0.0/16"},"regionName":{"value":"us-east-1"},"subnets":{"value":["web1","web2","app1","app2","db1","db2"]}},"planned_values":{"outputs":{"instanceip":{"sensitive":false}},"root_module":{"resources":[{"address":"aws_db_instance.default","mode":"managed","type":"aws_db_instance","name":"default","provider_name":"registry.terraform.io/hashicorp/aws","schema_version":2,"values":{"allocated_storage":10,"allow_major_version_upgrade":null,"apply_immediately":false,"auto_minor_version_upgrade":true,"blue_green_update":[],"copy_tags_to_snapshot":false,"custom_iam_instance_profile":null,"customer_owned_ip_enabled":null,"db_name":"mydb","db_subnet_group_name":"myrdsdb","dedicated_log_volume":false,"delete_automated_backups":true,"deletion_protection":null,"domain":null,"domain_auth_secret_arn":null,"domain_dns_ips":null,"domain_iam_role_name":null,"domain_ou":null,"enabled_cloudwatch_logs_exports":null,"engine":"mysql","engine_version":"5.7","final_snapshot_identifier":null,"iam_database_authentication_enabled":null,"instance_class":"db.t3.micro","manage_master_user_password":null,"max_allocated_storage":null,"monitoring_interval":0,"password":"foobarbaz","performance_insights_enabled":false,"publicly_accessible":false,"replicate_source_db":null,"restore_to_point_in_time":[],"s3_import":[],"skip_final_snapshot":true,"storage_encrypted":null,"tags":null,"timeouts":null,"username":"foo"},"sensitive_values":{"blue_green_update":[],"listener_endpoint":[],"master_user_secret":[],"replicas":[],"restore_to_point_in_time":[],"s3_import":[],"tags_all":{},"vpc_security_group_ids":[]}},{"address":"aws_db_subnet_group.mydbsubnet","mode":"managed","type":"aws_db_subnet_group","name":"mydbsubnet","provider_name":"registry.terraform.io/hashicorp/aws","schema_version":0,"values":{"description":"Managed by Terraform","name":"myrdsdb","tags":null},"sensitive_values":{"subnet_ids":[],"supported_network_types":[],"tags_all":{}}},{"address":"aws_instance.mymachine","mode":"managed","type":"aws_instance","name":"mymachine","provider_name":"registry.terraform.io/hashicorp/aws","schema_version":1,"values":{"ami":"ami-0e001c9271cf7f3b9","associate_public_ip_address":true,"availability_zone":"us-east-1b","credit_specification":[],"get_password_data":false,"hibernation":null,"instance_type":"t2.micro","key_name":"ssh_key.pub","launch_template":[],"source_dest_check":true,"tags":{"env":"dev","name":"myec2"},"tags_all":{"env":"dev","name":"myec2"},"timeouts":null,"user_data_replace_on_change":false,"volume_tags":null},"sensitive_values":{"capacity_reservation_specification":[],"cpu_options":[],"credit_specification":[],"ebs_block_device":[],"enclave_options":[],"ephemeral_block_device":[],"instance_market_options":[],"ipv6_addresses":[],"launch_template":[],"maintenance_options":[],"metadata_options":[],"network_interface":[],"private_dns_name_options":[],"root_block_device":[],"secondary_private_ips":[],"security_groups":[],"tags":{},"tags_all":{},"vpc_security_group_ids":[]}},{"address":"aws_internet_gateway.myInternetgateway","mode":"managed","type":"aws_internet_gateway","name":"myInternetgateway","provider_name":"registry.terraform.io/hashicorp/aws","schema_version":0,"values":{"tags":{"env":"test","name":"myigw"},"tags_all":{"env":"test","name":"myigw"},"timeouts":null},"sensitive_values":{"tags":{},"tags_all":{}}},{"address":"aws_route_table.myroute","mode":"managed","type":"aws_route_table","name":"myroute","provider_name":"registry.terraform.io/hashicorp/aws","schema_version":0,"values":{"route":[{"carrier_gateway_id":"","cidr_block":"0.0.0.0/0","core_network_arn":"","destination_prefix_list_id":"","egress_only_gateway_id":"","ipv6_cidr_block":"","local_gateway_id":"","nat_gateway_id":"","network_interface_id":"","transit_gateway_id":"","vpc_endpoint_id":"","vpc_peering_connection_id":""}],"tags":{"env":"test","name":"myRTtable"},"tags_all":{"env":"test","name":"myRTtable"},"timeouts":null},"sensitive_values":{"propagating_vgws":[],"route":[{}],"tags":{},"tags_all":{}}},{"address":"aws_route_table_association.web1association","mode":"managed","type":"aws_route_table_association","name":"web1association","provider_name":"registry.terraform.io/hashicorp/aws","schema_version":0,"values":{"gateway_id":null,"timeouts":null},"sensitive_values":{}},{"address":"aws_route_table_association.web2association","mode":"managed","type":"aws_route_table_association","name":"web2association","provider_name":"registry.terraform.io/hashicorp/aws","schema_version":0,"values":{"gateway_id":null,"timeouts":null},"sensitive_values":{}},{"address":"aws_security_group.web","mode":"managed","type":"aws_security_group","name":"web","provider_name":"registry.terraform.io/hashicorp/aws","schema_version":1,"values":{"description":"Security group for web server","ingress":[{"cidr_blocks":["0.0.0.0/0"],"description":"","from_port":22,"ipv6_cidr_blocks":[],"prefix_list_ids":[],"protocol":"tcp","security_groups":[],"self":false,"to_port":22},{"cidr_blocks":["0.0.0.0/0"],"description":"","from_port":80,"ipv6_cidr_blocks":[],"prefix_list_ids":[],"protocol":"tcp","security_groups":[],"self":false,"to_port":80}],"name":"web-server-sg","revoke_rules_on_delete":false,"tags":null,"timeouts":null},"sensitive_values":{"egress":[],"ingress":[{"cidr_blocks":[false],"ipv6_cidr_blocks":[],"prefix_list_ids":[],"security_groups":[]},{"cidr_blocks":[false],"ipv6_cidr_blocks":[],"prefix_list_ids":[],"security_groups":[]}],"tags_all":{}}},{"address":"aws_subnet.web1[0]","mode":"managed","type":"aws_subnet","name":"web1","index":0,"provider_name":"registry.terraform.io/hashicorp/aws","schema_version":1,"values":{"assign_ipv6_address_on_creation":false,"availability_zone":"us-east-1a","cidr_block":"10.0.0.0/24","customer_owned_ipv4_pool":null,"enable_dns64":false,"enable_lni_at_device_index":null,"enable_resource_name_dns_a_record_on_launch":false,"enable_resource_name_dns_aaaa_record_on_launch":false,"ipv6_cidr_block":null,"ipv6_native":false,"map_customer_owned_ip_on_launch":null,"map_public_ip_on_launch":false,"outpost_arn":null,"tags":{"env":"test","name":"web1"},"tags_all":{"env":"test","name":"web1"},"timeouts":null},"sensitive_values":{"tags":{},"tags_all":{}}},{"address":"aws_subnet.web1[1]","mode":"managed","type":"aws_subnet","name":"web1","index":1,"provider_name":"registry.terraform.io/hashicorp/aws","schema_version":1,"values":{"assign_ipv6_address_on_creation":false,"availability_zone":"us-east-1b","cidr_block":"10.0.1.0/24","customer_owned_ipv4_pool":null,"enable_dns64":false,"enable_lni_at_device_index":null,"enable_resource_name_dns_a_record_on_launch":false,"enable_resource_name_dns_aaaa_record_on_launch":false,"ipv6_cidr_block":null,"ipv6_native":false,"map_customer_owned_ip_on_launch":null,"map_public_ip_on_launch":false,"outpost_arn":null,"tags":{"env":"test","name":"web2"},"tags_all":{"env":"test","name":"web2"},"timeouts":null},"sensitive_values":{"tags":{},"tags_all":{}}},{"address":"aws_subnet.web1[2]","mode":"managed","type":"aws_subnet","name":"web1","index":2,"provider_name":"registry.terraform.io/hashicorp/aws","schema_version":1,"values":{"assign_ipv6_address_on_creation":false,"availability_zone":"us-east-1c","cidr_block":"10.0.2.0/24","customer_owned_ipv4_pool":null,"enable_dns64":false,"enable_lni_at_device_index":null,"enable_resource_name_dns_a_record_on_launch":false,"enable_resource_name_dns_aaaa_record_on_launch":false,"ipv6_cidr_block":null,"ipv6_native":false,"map_customer_owned_ip_on_launch":null,"map_public_ip_on_launch":false,"outpost_arn":null,"tags":{"env":"test","name":"app1"},"tags_all":{"env":"test","name":"app1"},"timeouts":null},"sensitive_values":{"tags":{},"tags_all":{}}},{"address":"aws_subnet.web1[3]","mode":"managed","type":"aws_subnet","name":"web1","index":3,"provider_name":"registry.terraform.io/hashicorp/aws","schema_version":1,"values":{"assign_ipv6_address_on_creation":false,"availability_zone":"us-east-1d","cidr_block":"10.0.3.0/24","customer_owned_ipv4_pool":null,"enable_dns64":false,"enable_lni_at_device_index":null,"enable_resource_name_dns_a_record_on_launch":false,"enable_resource_name_dns_aaaa_record_on_launch":false,"ipv6_cidr_block":null,"ipv6_native":false,"map_customer_owned_ip_on_launch":null,"map_public_ip_on_launch":false,"outpost_arn":null,"tags":{"env":"test","name":"app2"},"tags_all":{"env":"test","name":"app2"},"timeouts":null},"sensitive_values":{"tags":{},"tags_all":{}}},{"address":"aws_subnet.web1[4]","mode":"managed","type":"aws_subnet","name":"web1","index":4,"provider_name":"registry.terraform.io/hashicorp/aws","schema_version":1,"values":{"assign_ipv6_address_on_creation":false,"availability_zone":"us-east-1e","cidr_block":"10.0.4.0/24","customer_owned_ipv4_pool":null,"enable_dns64":false,"enable_lni_at_device_index":null,"enable_resource_name_dns_a_record_on_launch":false,"enable_resource_name_dns_aaaa_record_on_launch":false,"ipv6_cidr_block":null,"ipv6_native":false,"map_customer_owned_ip_on_launch":null,"map_public_ip_on_launch":false,"outpost_arn":null,"tags":{"env":"test","name":"db1"},"tags_all":{"env":"test","name":"db1"},"timeouts":null},"sensitive_values":{"tags":{},"tags_all":{}}},{"address":"aws_subnet.web1[5]","mode":"managed","type":"aws_subnet","name":"web1","index":5,"provider_name":"registry.terraform.io/hashicorp/aws","schema_version":1,"values":{"assign_ipv6_address_on_creation":false,"availability_zone":"us-east-1f","cidr_block":"10.0.5.0/24","customer_owned_ipv4_pool":null,"enable_dns64":false,"enable_lni_at_device_index":null,"enable_resource_name_dns_a_record_on_launch":false,"enable_resource_name_dns_aaaa_record_on_launch":false,"ipv6_cidr_block":null,"ipv6_native":false,"map_customer_owned_ip_on_launch":null,"map_public_ip_on_launch":false,"outpost_arn":null,"tags":{"env":"test","name":"db2"},"tags_all":{"env":"test","name":"db2"},"timeouts":null},"sensitive_values":{"tags":{},"tags_all":{}}},{"address":"aws_vpc.ntierVpc","mode":"managed","type":"aws_vpc","name":"ntierVpc","provider_name":"registry.terraform.io/hashicorp/aws","schema_version":1,"values":{"assign_generated_ipv6_cidr_block":null,"cidr_block":"10.0.0.0/16","enable_dns_support":true,"instance_tenancy":"default","ipv4_ipam_pool_id":null,"ipv4_netmask_length":null,"ipv6_ipam_pool_id":null,"ipv6_netmask_length":null,"tags":{"env":"test","name":"ntiervpc"},"tags_all":{"env":"test","name":"ntiervpc"}},"sensitive_values":{"tags":{},"tags_all":{}}}]}},"resource_drift":[{"address":"aws_db_subnet_group.mydbsubnet","mode":"managed","type":"aws_db_subnet_group","name":"mydbsubnet","provider_name":"registry.terraform.io/hashicorp/aws","change":{"actions":["delete"],"before":{"arn":"arn:aws:rds:us-east-1:975049927302:subgrp:myrdsdb","description":"Managed by Terraform","id":"myrdsdb","name":"myrdsdb","name_prefix":"","subnet_ids":["subnet-060ba4a787f8a4129","subnet-0a6c7eea85ac75b62"],"supported_network_types":["IPV4"],"tags":{},"tags_all":{},"vpc_id":"vpc-0a2b16bd0d1db4ec2"},"after":null,"after_unknown":{},"before_sensitive":{"subnet_ids":[false,false],"supported_network_types":[false],"tags":{},"tags_all":{}},"after_sensitive":false}},{"address":"aws_subnet.web1[0]","mode":"managed","type":"aws_subnet","name":"web1","index":0,"provider_name":"registry.terraform.io/hashicorp/aws","change":{"actions":["delete"],"before":{"arn":"arn:aws:ec2:us-east-1:975049927302:subnet/subnet-0a6c7eea85ac75b62","assign_ipv6_address_on_creation":false,"availability_zone":"us-east-1a","availability_zone_id":"use1-az2","cidr_block":"10.0.0.0/24","customer_owned_ipv4_pool":"","enable_dns64":false,"enable_lni_at_device_index":0,"enable_resource_name_dns_a_record_on_launch":false,"enable_resource_name_dns_aaaa_record_on_launch":false,"id":"subnet-0a6c7eea85ac75b62","ipv6_cidr_block":"","ipv6_cidr_block_association_id":"","ipv6_native":false,"map_customer_owned_ip_on_launch":false,"map_public_ip_on_launch":false,"outpost_arn":"","owner_id":"975049927302","private_dns_hostname_type_on_launch":"ip-name","tags":{"env":"test","name":"web1"},"tags_all":{"env":"test","name":"web1"},"timeouts":null,"vpc_id":"vpc-0a2b16bd0d1db4ec2"},"after":null,"after_unknown":{},"before_sensitive":{"tags":{},"tags_all":{}},"after_sensitive":false}},{"address":"aws_subnet.web1[1]","mode":"managed","type":"aws_subnet","name":"web1","index":1,"provider_name":"registry.terraform.io/hashicorp/aws","change":{"actions":["delete"],"before":{"arn":"arn:aws:ec2:us-east-1:975049927302:subnet/subnet-0015d54162af9eb9d","assign_ipv6_address_on_creation":false,"availability_zone":"us-east-1b","availability_zone_id":"use1-az4","cidr_block":"10.0.1.0/24","customer_owned_ipv4_pool":"","enable_dns64":false,"enable_lni_at_device_index":0,"enable_resource_name_dns_a_record_on_launch":false,"enable_resource_name_dns_aaaa_record_on_launch":false,"id":"subnet-0015d54162af9eb9d","ipv6_cidr_block":"","ipv6_cidr_block_association_id":"","ipv6_native":false,"map_customer_owned_ip_on_launch":false,"map_public_ip_on_launch":false,"outpost_arn":"","owner_id":"975049927302","private_dns_hostname_type_on_launch":"ip-name","tags":{"env":"test","name":"web2"},"tags_all":{"env":"test","name":"web2"},"timeouts":null,"vpc_id":"vpc-0a2b16bd0d1db4ec2"},"after":null,"after_unknown":{},"before_sensitive":{"tags":{},"tags_all":{}},"after_sensitive":false}},{"address":"aws_subnet.web1[2]","mode":"managed","type":"aws_subnet","name":"web1","index":2,"provider_name":"registry.terraform.io/hashicorp/aws","change":{"actions":["delete"],"before":{"arn":"arn:aws:ec2:us-east-1:975049927302:subnet/subnet-0c7ee30f76392c14a","assign_ipv6_address_on_creation":false,"availability_zone":"us-east-1c","availability_zone_id":"use1-az6","cidr_block":"10.0.2.0/24","customer_owned_ipv4_pool":"","enable_dns64":false,"enable_lni_at_device_index":0,"enable_resource_name_dns_a_record_on_launch":false,"enable_resource_name_dns_aaaa_record_on_launch":false,"id":"subnet-0c7ee30f76392c14a","ipv6_cidr_block":"","ipv6_cidr_block_association_id":"","ipv6_native":false,"map_customer_owned_ip_on_launch":false,"map_public_ip_on_launch":false,"outpost_arn":"","owner_id":"975049927302","private_dns_hostname_type_on_launch":"ip-name","tags":{"env":"test","name":"app1"},"tags_all":{"env":"test","name":"app1"},"timeouts":null,"vpc_id":"vpc-0a2b16bd0d1db4ec2"},"after":null,"after_unknown":{},"before_sensitive":{"tags":{},"tags_all":{}},"after_sensitive":false}},{"address":"aws_subnet.web1[3]","mode":"managed","type":"aws_subnet","name":"web1","index":3,"provider_name":"registry.terraform.io/hashicorp/aws","change":{"actions":["delete"],"before":{"arn":"arn:aws:ec2:us-east-1:975049927302:subnet/subnet-08e66cb5588190530","assign_ipv6_address_on_creation":false,"availability_zone":"us-east-1d","availability_zone_id":"use1-az1","cidr_block":"10.0.3.0/24","customer_owned_ipv4_pool":"","enable_dns64":false,"enable_lni_at_device_index":0,"enable_resource_name_dns_a_record_on_launch":false,"enable_resource_name_dns_aaaa_record_on_launch":false,"id":"subnet-08e66cb5588190530","ipv6_cidr_block":"","ipv6_cidr_block_association_id":"","ipv6_native":false,"map_customer_owned_ip_on_launch":false,"map_public_ip_on_launch":false,"outpost_arn":"","owner_id":"975049927302","private_dns_hostname_type_on_launch":"ip-name","tags":{"env":"test","name":"app2"},"tags_all":{"env":"test","name":"app2"},"timeouts":null,"vpc_id":"vpc-0a2b16bd0d1db4ec2"},"after":null,"after_unknown":{},"before_sensitive":{"tags":{},"tags_all":{}},"after_sensitive":false}},{"address":"aws_subnet.web1[4]","mode":"managed","type":"aws_subnet","name":"web1","index":4,"provider_name":"registry.terraform.io/hashicorp/aws","change":{"actions":["delete"],"before":{"arn":"arn:aws:ec2:us-east-1:975049927302:subnet/subnet-060ba4a787f8a4129","assign_ipv6_address_on_creation":false,"availability_zone":"us-east-1e","availability_zone_id":"use1-az3","cidr_block":"10.0.4.0/24","customer_owned_ipv4_pool":"","enable_dns64":false,"enable_lni_at_device_index":0,"enable_resource_name_dns_a_record_on_launch":false,"enable_resource_name_dns_aaaa_record_on_launch":false,"id":"subnet-060ba4a787f8a4129","ipv6_cidr_block":"","ipv6_cidr_block_association_id":"","ipv6_native":false,"map_customer_owned_ip_on_launch":false,"map_public_ip_on_launch":false,"outpost_arn":"","owner_id":"975049927302","private_dns_hostname_type_on_launch":"ip-name","tags":{"env":"test","name":"db1"},"tags_all":{"env":"test","name":"db1"},"timeouts":null,"vpc_id":"vpc-0a2b16bd0d1db4ec2"},"after":null,"after_unknown":{},"before_sensitive":{"tags":{},"tags_all":{}},"after_sensitive":false}},{"address":"aws_subnet.web1[5]","mode":"managed","type":"aws_subnet","name":"web1","index":5,"provider_name":"registry.terraform.io/hashicorp/aws","change":{"actions":["delete"],"before":{"arn":"arn:aws:ec2:us-east-1:975049927302:subnet/subnet-020a3434491e34883","assign_ipv6_address_on_creation":false,"availability_zone":"us-east-1f","availability_zone_id":"use1-az5","cidr_block":"10.0.5.0/24","customer_owned_ipv4_pool":"","enable_dns64":false,"enable_lni_at_device_index":0,"enable_resource_name_dns_a_record_on_launch":false,"enable_resource_name_dns_aaaa_record_on_launch":false,"id":"subnet-020a3434491e34883","ipv6_cidr_block":"","ipv6_cidr_block_association_id":"","ipv6_native":false,"map_customer_owned_ip_on_launch":false,"map_public_ip_on_launch":false,"outpost_arn":"","owner_id":"975049927302","private_dns_hostname_type_on_launch":"ip-name","tags":{"env":"test","name":"db2"},"tags_all":{"env":"test","name":"db2"},"timeouts":null,"vpc_id":"vpc-0a2b16bd0d1db4ec2"},"after":null,"after_unknown":{},"before_sensitive":{"tags":{},"tags_all":{}},"after_sensitive":false}},{"address":"aws_vpc.ntierVpc","mode":"managed","type":"aws_vpc","name":"ntierVpc","provider_name":"registry.terraform.io/hashicorp/aws","change":{"actions":["delete"],"before":{"arn":"arn:aws:ec2:us-east-1:975049927302:vpc/vpc-0a2b16bd0d1db4ec2","assign_generated_ipv6_cidr_block":false,"cidr_block":"10.0.0.0/16","default_network_acl_id":"acl-00fb53841a8e8fc82","default_route_table_id":"rtb-02d9611b34dc28528","default_security_group_id":"sg-0e4637a6bddd9d530","dhcp_options_id":"dopt-0886df580f6531f6d","enable_dns_hostnames":false,"enable_dns_support":true,"enable_network_address_usage_metrics":false,"id":"vpc-0a2b16bd0d1db4ec2","instance_tenancy":"default","ipv4_ipam_pool_id":null,"ipv4_netmask_length":null,"ipv6_association_id":"","ipv6_cidr_block":"","ipv6_cidr_block_network_border_group":"","ipv6_ipam_pool_id":"","ipv6_netmask_length":0,"main_route_table_id":"rtb-02d9611b34dc28528","owner_id":"975049927302","tags":{"env":"test","name":"ntiervpc"},"tags_all":{"env":"test","name":"ntiervpc"}},"after":null,"after_unknown":{},"before_sensitive":{"tags":{},"tags_all":{}},"after_sensitive":false}}],"resource_changes":[{"address":"aws_db_instance.default","mode":"managed","type":"aws_db_instance","name":"default","provider_name":"registry.terraform.io/hashicorp/aws","change":{"actions":["create"],"before":null,"after":{"allocated_storage":10,"allow_major_version_upgrade":null,"apply_immediately":false,"auto_minor_version_upgrade":true,"blue_green_update":[],"copy_tags_to_snapshot":false,"custom_iam_instance_profile":null,"customer_owned_ip_enabled":null,"db_name":"mydb","db_subnet_group_name":"myrdsdb","dedicated_log_volume":false,"delete_automated_backups":true,"deletion_protection":null,"domain":null,"domain_auth_secret_arn":null,"domain_dns_ips":null,"domain_iam_role_name":null,"domain_ou":null,"enabled_cloudwatch_logs_exports":null,"engine":"mysql","engine_version":"5.7","final_snapshot_identifier":null,"iam_database_authentication_enabled":null,"instance_class":"db.t3.micro","manage_master_user_password":null,"max_allocated_storage":null,"monitoring_interval":0,"password":"foobarbaz","performance_insights_enabled":false,"publicly_accessible":false,"replicate_source_db":null,"restore_to_point_in_time":[],"s3_import":[],"skip_final_snapshot":true,"storage_encrypted":null,"tags":null,"timeouts":null,"username":"foo"},"after_unknown":{"address":true,"arn":true,"availability_zone":true,"backup_retention_period":true,"backup_target":true,"backup_window":true,"blue_green_update":[],"ca_cert_identifier":true,"character_set_name":true,"domain_fqdn":true,"endpoint":true,"engine_version_actual":true,"hosted_zone_id":true,"id":true,"identifier":true,"identifier_prefix":true,"iops":true,"kms_key_id":true,"latest_restorable_time":true,"license_model":true,"listener_endpoint":true,"maintenance_window":true,"master_user_secret":true,"master_user_secret_kms_key_id":true,"monitoring_role_arn":true,"multi_az":true,"nchar_character_set_name":true,"network_type":true,"option_group_name":true,"parameter_group_name":true,"performance_insights_kms_key_id":true,"performance_insights_retention_period":true,"port":true,"replica_mode":true,"replicas":true,"resource_id":true,"restore_to_point_in_time":[],"s3_import":[],"snapshot_identifier":true,"status":true,"storage_throughput":true,"storage_type":true,"tags_all":true,"timezone":true,"vpc_security_group_ids":true},"before_sensitive":false,"after_sensitive":{"blue_green_update":[],"listener_endpoint":[],"master_user_secret":[],"password":true,"replicas":[],"restore_to_point_in_time":[],"s3_import":[],"tags_all":{},"vpc_security_group_ids":[]}}},{"address":"aws_db_subnet_group.mydbsubnet","mode":"managed","type":"aws_db_subnet_group","name":"mydbsubnet","provider_name":"registry.terraform.io/hashicorp/aws","change":{"actions":["create"],"before":null,"after":{"description":"Managed by Terraform","name":"myrdsdb","tags":null},"after_unknown":{"arn":true,"id":true,"name_prefix":true,"subnet_ids":true,"supported_network_types":true,"tags_all":true,"vpc_id":true},"before_sensitive":false,"after_sensitive":{"subnet_ids":[],"supported_network_types":[],"tags_all":{}}}},{"address":"aws_instance.mymachine","mode":"managed","type":"aws_instance","name":"mymachine","provider_name":"registry.terraform.io/hashicorp/aws","change":{"actions":["create"],"before":null,"after":{"ami":"ami-0e001c9271cf7f3b9","associate_public_ip_address":true,"availability_zone":"us-east-1b","credit_specification":[],"get_password_data":false,"hibernation":null,"instance_type":"t2.micro","key_name":"ssh_key.pub","launch_template":[],"source_dest_check":true,"tags":{"env":"dev","name":"myec2"},"tags_all":{"env":"dev","name":"myec2"},"timeouts":null,"user_data_replace_on_change":false,"volume_tags":null},"after_unknown":{"arn":true,"capacity_reservation_specification":true,"cpu_core_count":true,"cpu_options":true,"cpu_threads_per_core":true,"credit_specification":[],"disable_api_stop":true,"disable_api_termination":true,"ebs_block_device":true,"ebs_optimized":true,"enclave_options":true,"ephemeral_block_device":true,"host_id":true,"host_resource_group_arn":true,"iam_instance_profile":true,"id":true,"instance_initiated_shutdown_behavior":true,"instance_lifecycle":true,"instance_market_options":true,"instance_state":true,"ipv6_address_count":true,"ipv6_addresses":true,"launch_template":[],"maintenance_options":true,"metadata_options":true,"monitoring":true,"network_interface":true,"outpost_arn":true,"password_data":true,"placement_group":true,"placement_partition_number":true,"primary_network_interface_id":true,"private_dns":true,"private_dns_name_options":true,"private_ip":true,"public_dns":true,"public_ip":true,"root_block_device":true,"secondary_private_ips":true,"security_groups":true,"spot_instance_request_id":true,"subnet_id":true,"tags":{},"tags_all":{},"tenancy":true,"user_data":true,"user_data_base64":true,"vpc_security_group_ids":true},"before_sensitive":false,"after_sensitive":{"capacity_reservation_specification":[],"cpu_options":[],"credit_specification":[],"ebs_block_device":[],"enclave_options":[],"ephemeral_block_device":[],"instance_market_options":[],"ipv6_addresses":[],"launch_template":[],"maintenance_options":[],"metadata_options":[],"network_interface":[],"private_dns_name_options":[],"root_block_device":[],"secondary_private_ips":[],"security_groups":[],"tags":{},"tags_all":{},"vpc_security_group_ids":[]}}},{"address":"aws_internet_gateway.myInternetgateway","mode":"managed","type":"aws_internet_gateway","name":"myInternetgateway","provider_name":"registry.terraform.io/hashicorp/aws","change":{"actions":["create"],"before":null,"after":{"tags":{"env":"test","name":"myigw"},"tags_all":{"env":"test","name":"myigw"},"timeouts":null},"after_unknown":{"arn":true,"id":true,"owner_id":true,"tags":{},"tags_all":{},"vpc_id":true},"before_sensitive":false,"after_sensitive":{"tags":{},"tags_all":{}}}},{"address":"aws_route_table.myroute","mode":"managed","type":"aws_route_table","name":"myroute","provider_name":"registry.terraform.io/hashicorp/aws","change":{"actions":["create"],"before":null,"after":{"route":[{"carrier_gateway_id":"","cidr_block":"0.0.0.0/0","core_network_arn":"","destination_prefix_list_id":"","egress_only_gateway_id":"","ipv6_cidr_block":"","local_gateway_id":"","nat_gateway_id":"","network_interface_id":"","transit_gateway_id":"","vpc_endpoint_id":"","vpc_peering_connection_id":""}],"tags":{"env":"test","name":"myRTtable"},"tags_all":{"env":"test","name":"myRTtable"},"timeouts":null},"after_unknown":{"arn":true,"id":true,"owner_id":true,"propagating_vgws":true,"route":[{"gateway_id":true}],"tags":{},"tags_all":{},"vpc_id":true},"before_sensitive":false,"after_sensitive":{"propagating_vgws":[],"route":[{}],"tags":{},"tags_all":{}}}},{"address":"aws_route_table_association.web1association","mode":"managed","type":"aws_route_table_association","name":"web1association","provider_name":"registry.terraform.io/hashicorp/aws","change":{"actions":["create"],"before":null,"after":{"gateway_id":null,"timeouts":null},"after_unknown":{"id":true,"route_table_id":true,"subnet_id":true},"before_sensitive":false,"after_sensitive":{}}},{"address":"aws_route_table_association.web2association","mode":"managed","type":"aws_route_table_association","name":"web2association","provider_name":"registry.terraform.io/hashicorp/aws","change":{"actions":["create"],"before":null,"after":{"gateway_id":null,"timeouts":null},"after_unknown":{"id":true,"route_table_id":true,"subnet_id":true},"before_sensitive":false,"after_sensitive":{}}},{"address":"aws_security_group.web","mode":"managed","type":"aws_security_group","name":"web","provider_name":"registry.terraform.io/hashicorp/aws","change":{"actions":["create"],"before":null,"after":{"description":"Security group for web server","ingress":[{"cidr_blocks":["0.0.0.0/0"],"description":"","from_port":22,"ipv6_cidr_blocks":[],"prefix_list_ids":[],"protocol":"tcp","security_groups":[],"self":false,"to_port":22},{"cidr_blocks":["0.0.0.0/0"],"description":"","from_port":80,"ipv6_cidr_blocks":[],"prefix_list_ids":[],"protocol":"tcp","security_groups":[],"self":false,"to_port":80}],"name":"web-server-sg","revoke_rules_on_delete":false,"tags":null,"timeouts":null},"after_unknown":{"arn":true,"egress":true,"id":true,"ingress":[{"cidr_blocks":[false],"ipv6_cidr_blocks":[],"prefix_list_ids":[],"security_groups":[]},{"cidr_blocks":[false],"ipv6_cidr_blocks":[],"prefix_list_ids":[],"security_groups":[]}],"name_prefix":true,"owner_id":true,"tags_all":true,"vpc_id":true},"before_sensitive":false,"after_sensitive":{"egress":[],"ingress":[{"cidr_blocks":[false],"ipv6_cidr_blocks":[],"prefix_list_ids":[],"security_groups":[]},{"cidr_blocks":[false],"ipv6_cidr_blocks":[],"prefix_list_ids":[],"security_groups":[]}],"tags_all":{}}}},{"address":"aws_subnet.web1[0]","mode":"managed","type":"aws_subnet","name":"web1","index":0,"provider_name":"registry.terraform.io/hashicorp/aws","change":{"actions":["create"],"before":null,"after":{"assign_ipv6_address_on_creation":false,"availability_zone":"us-east-1a","cidr_block":"10.0.0.0/24","customer_owned_ipv4_pool":null,"enable_dns64":false,"enable_lni_at_device_index":null,"enable_resource_name_dns_a_record_on_launch":false,"enable_resource_name_dns_aaaa_record_on_launch":false,"ipv6_cidr_block":null,"ipv6_native":false,"map_customer_owned_ip_on_launch":null,"map_public_ip_on_launch":false,"outpost_arn":null,"tags":{"env":"test","name":"web1"},"tags_all":{"env":"test","name":"web1"},"timeouts":null},"after_unknown":{"arn":true,"availability_zone_id":true,"id":true,"ipv6_cidr_block_association_id":true,"owner_id":true,"private_dns_hostname_type_on_launch":true,"tags":{},"tags_all":{},"vpc_id":true},"before_sensitive":false,"after_sensitive":{"tags":{},"tags_all":{}}}},{"address":"aws_subnet.web1[1]","mode":"managed","type":"aws_subnet","name":"web1","index":1,"provider_name":"registry.terraform.io/hashicorp/aws","change":{"actions":["create"],"before":null,"after":{"assign_ipv6_address_on_creation":false,"availability_zone":"us-east-1b","cidr_block":"10.0.1.0/24","customer_owned_ipv4_pool":null,"enable_dns64":false,"enable_lni_at_device_index":null,"enable_resource_name_dns_a_record_on_launch":false,"enable_resource_name_dns_aaaa_record_on_launch":false,"ipv6_cidr_block":null,"ipv6_native":false,"map_customer_owned_ip_on_launch":null,"map_public_ip_on_launch":false,"outpost_arn":null,"tags":{"env":"test","name":"web2"},"tags_all":{"env":"test","name":"web2"},"timeouts":null},"after_unknown":{"arn":true,"availability_zone_id":true,"id":true,"ipv6_cidr_block_association_id":true,"owner_id":true,"private_dns_hostname_type_on_launch":true,"tags":{},"tags_all":{},"vpc_id":true},"before_sensitive":false,"after_sensitive":{"tags":{},"tags_all":{}}}},{"address":"aws_subnet.web1[2]","mode":"managed","type":"aws_subnet","name":"web1","index":2,"provider_name":"registry.terraform.io/hashicorp/aws","change":{"actions":["create"],"before":null,"after":{"assign_ipv6_address_on_creation":false,"availability_zone":"us-east-1c","cidr_block":"10.0.2.0/24","customer_owned_ipv4_pool":null,"enable_dns64":false,"enable_lni_at_device_index":null,"enable_resource_name_dns_a_record_on_launch":false,"enable_resource_name_dns_aaaa_record_on_launch":false,"ipv6_cidr_block":null,"ipv6_native":false,"map_customer_owned_ip_on_launch":null,"map_public_ip_on_launch":false,"outpost_arn":null,"tags":{"env":"test","name":"app1"},"tags_all":{"env":"test","name":"app1"},"timeouts":null},"after_unknown":{"arn":true,"availability_zone_id":true,"id":true,"ipv6_cidr_block_association_id":true,"owner_id":true,"private_dns_hostname_type_on_launch":true,"tags":{},"tags_all":{},"vpc_id":true},"before_sensitive":false,"after_sensitive":{"tags":{},"tags_all":{}}}},{"address":"aws_subnet.web1[3]","mode":"managed","type":"aws_subnet","name":"web1","index":3,"provider_name":"registry.terraform.io/hashicorp/aws","change":{"actions":["create"],"before":null,"after":{"assign_ipv6_address_on_creation":false,"availability_zone":"us-east-1d","cidr_block":"10.0.3.0/24","customer_owned_ipv4_pool":null,"enable_dns64":false,"enable_lni_at_device_index":null,"enable_resource_name_dns_a_record_on_launch":false,"enable_resource_name_dns_aaaa_record_on_launch":false,"ipv6_cidr_block":null,"ipv6_native":false,"map_customer_owned_ip_on_launch":null,"map_public_ip_on_launch":false,"outpost_arn":null,"tags":{"env":"test","name":"app2"},"tags_all":{"env":"test","name":"app2"},"timeouts":null},"after_unknown":{"arn":true,"availability_zone_id":true,"id":true,"ipv6_cidr_block_association_id":true,"owner_id":true,"private_dns_hostname_type_on_launch":true,"tags":{},"tags_all":{},"vpc_id":true},"before_sensitive":false,"after_sensitive":{"tags":{},"tags_all":{}}}},{"address":"aws_subnet.web1[4]","mode":"managed","type":"aws_subnet","name":"web1","index":4,"provider_name":"registry.terraform.io/hashicorp/aws","change":{"actions":["create"],"before":null,"after":{"assign_ipv6_address_on_creation":false,"availability_zone":"us-east-1e","cidr_block":"10.0.4.0/24","customer_owned_ipv4_pool":null,"enable_dns64":false,"enable_lni_at_device_index":null,"enable_resource_name_dns_a_record_on_launch":false,"enable_resource_name_dns_aaaa_record_on_launch":false,"ipv6_cidr_block":null,"ipv6_native":false,"map_customer_owned_ip_on_launch":null,"map_public_ip_on_launch":false,"outpost_arn":null,"tags":{"env":"test","name":"db1"},"tags_all":{"env":"test","name":"db1"},"timeouts":null},"after_unknown":{"arn":true,"availability_zone_id":true,"id":true,"ipv6_cidr_block_association_id":true,"owner_id":true,"private_dns_hostname_type_on_launch":true,"tags":{},"tags_all":{},"vpc_id":true},"before_sensitive":false,"after_sensitive":{"tags":{},"tags_all":{}}}},{"address":"aws_subnet.web1[5]","mode":"managed","type":"aws_subnet","name":"web1","index":5,"provider_name":"registry.terraform.io/hashicorp/aws","change":{"actions":["create"],"before":null,"after":{"assign_ipv6_address_on_creation":false,"availability_zone":"us-east-1f","cidr_block":"10.0.5.0/24","customer_owned_ipv4_pool":null,"enable_dns64":false,"enable_lni_at_device_index":null,"enable_resource_name_dns_a_record_on_launch":false,"enable_resource_name_dns_aaaa_record_on_launch":false,"ipv6_cidr_block":null,"ipv6_native":false,"map_customer_owned_ip_on_launch":null,"map_public_ip_on_launch":false,"outpost_arn":null,"tags":{"env":"test","name":"db2"},"tags_all":{"env":"test","name":"db2"},"timeouts":null},"after_unknown":{"arn":true,"availability_zone_id":true,"id":true,"ipv6_cidr_block_association_id":true,"owner_id":true,"private_dns_hostname_type_on_launch":true,"tags":{},"tags_all":{},"vpc_id":true},"before_sensitive":false,"after_sensitive":{"tags":{},"tags_all":{}}}},{"address":"aws_vpc.ntierVpc","mode":"managed","type":"aws_vpc","name":"ntierVpc","provider_name":"registry.terraform.io/hashicorp/aws","change":{"actions":["create"],"before":null,"after":{"assign_generated_ipv6_cidr_block":null,"cidr_block":"10.0.0.0/16","enable_dns_support":true,"instance_tenancy":"default","ipv4_ipam_pool_id":null,"ipv4_netmask_length":null,"ipv6_ipam_pool_id":null,"ipv6_netmask_length":null,"tags":{"env":"test","name":"ntiervpc"},"tags_all":{"env":"test","name":"ntiervpc"}},"after_unknown":{"arn":true,"default_network_acl_id":true,"default_route_table_id":true,"default_security_group_id":true,"dhcp_options_id":true,"enable_dns_hostnames":true,"enable_network_address_usage_metrics":true,"id":true,"ipv6_association_id":true,"ipv6_cidr_block":true,"ipv6_cidr_block_network_border_group":true,"main_route_table_id":true,"owner_id":true,"tags":{},"tags_all":{}},"before_sensitive":false,"after_sensitive":{"tags":{},"tags_all":{}}}}],"output_changes":{"instanceip":{"actions":["create"],"before":null,"after":[null],"after_unknown":[true],"before_sensitive":false,"after_sensitive":false}},"prior_state":{"format_version":"1.0","terraform_version":"1.7.3","values":{"root_module":{"resources":[{"address":"data.aws_ami.myec2machine","mode":"data","type":"aws_ami","name":"myec2machine","provider_name":"registry.terraform.io/hashicorp/aws","schema_version":0,"values":{"architecture":"x86_64","arn":"arn:aws:ec2:us-east-1::image/ami-0e001c9271cf7f3b9","block_device_mappings":[{"device_name":"/dev/sda1","ebs":{"delete_on_termination":"true","encrypted":"false","iops":"0","snapshot_id":"snap-0380f0f1767077d42","throughput":"0","volume_size":"8","volume_type":"gp2"},"no_device":"","virtual_name":""},{"device_name":"/dev/sdb","ebs":{},"no_device":"","virtual_name":"ephemeral0"},{"device_name":"/dev/sdc","ebs":{},"no_device":"","virtual_name":"ephemeral1"}],"boot_mode":"uefi-preferred","creation_date":"2024-04-11T02:44:52.000Z","deprecation_time":"2026-04-11T02:44:52.000Z","description":"Canonical, Ubuntu, 22.04 LTS, amd64 jammy image build on 2024-04-11","ena_support":true,"executable_users":null,"filter":[{"name":"name","values":["ubuntu/images/hvm-ssd/ubuntu-jammy-22.04-amd64-server-*"]},{"name":"virtualization-type","values":["hvm"]}],"hypervisor":"xen","id":"ami-0e001c9271cf7f3b9","image_id":"ami-0e001c9271cf7f3b9","image_location":"amazon/ubuntu/images/hvm-ssd/ubuntu-jammy-22.04-amd64-server-20240411","image_owner_alias":"amazon","image_type":"machine","imds_support":"","include_deprecated":false,"kernel_id":"","most_recent":true,"name":"ubuntu/images/hvm-ssd/ubuntu-jammy-22.04-amd64-server-20240411","name_regex":null,"owner_id":"099720109477","owners":["099720109477"],"platform":"","platform_details":"Linux/UNIX","product_codes":[],"public":true,"ramdisk_id":"","root_device_name":"/dev/sda1","root_device_type":"ebs","root_snapshot_id":"snap-0380f0f1767077d42","sriov_net_support":"simple","state":"available","state_reason":{"code":"UNSET","message":"UNSET"},"tags":{},"timeouts":null,"tpm_support":"","usage_operation":"RunInstances","virtualization_type":"hvm"},"sensitive_values":{"block_device_mappings":[{"ebs":{}},{"ebs":{}},{"ebs":{}}],"filter":[{"values":[false]},{"values":[false]}],"owners":[false],"product_codes":[],"state_reason":{},"tags":{}}}]}}},"configuration":{"provider_config":{"aws":{"name":"aws","full_name":"registry.terraform.io/hashicorp/aws","version_constraint":"~\u003e 5.0"},"aws.us-east-1":{"name":"aws","full_name":"registry.terraform.io/hashicorp/aws","alias":"us-east-1","version_constraint":"~\u003e 5.0","expressions":{"region":{"references":["var.regionName"]}}}},"root_module":{"outputs":{"instanceip":{"expression":{"references":["aws_instance.mymachine"]}}},"resources":[{"address":"aws_db_instance.default","mode":"managed","type":"aws_db_instance","name":"default","provider_config_key":"aws","expressions":{"allocated_storage":{"constant_value":10},"db_name":{"constant_value":"mydb"},"db_subnet_group_name":{"references":["aws_db_subnet_group.mydbsubnet.name","aws_db_subnet_group.mydbsubnet"]},"engine":{"constant_value":"mysql"},"engine_version":{"constant_value":"5.7"},"instance_class":{"constant_value":"db.t3.micro"},"password":{"constant_value":"foobarbaz"},"skip_final_snapshot":{"constant_value":true},"username":{"constant_value":"foo"}},"schema_version":2},{"address":"aws_db_subnet_group.mydbsubnet","mode":"managed","type":"aws_db_subnet_group","name":"mydbsubnet","provider_config_key":"aws","expressions":{"name":{"constant_value":"myrdsdb"},"subnet_ids":{"references":["aws_subnet.web1[4].id","aws_subnet.web1[4]","aws_subnet.web1","aws_subnet.web1[0].id","aws_subnet.web1[0]","aws_subnet.web1"]}},"schema_version":0},{"address":"aws_instance.mymachine","mode":"managed","type":"aws_instance","name":"mymachine","provider_config_key":"aws","expressions":{"ami":{"references":["data.aws_ami.myec2machine.id","data.aws_ami.myec2machine"]},"associate_public_ip_address":{"constant_value":true},"availability_zone":{"references":["var.azs[1]","var.azs"]},"instance_type":{"constant_value":"t2.micro"},"key_name":{"constant_value":"ssh_key.pub"},"tags":{"references":["terraform.workspace"]}},"schema_version":1},{"address":"aws_internet_gateway.myInternetgateway","mode":"managed","type":"aws_internet_gateway","name":"myInternetgateway","provider_config_key":"aws","expressions":{"tags":{"constant_value":{"env":"test","name":"myigw"}},"vpc_id":{"references":["local.vpc.id","local.vpc"]}},"schema_version":0},{"address":"aws_route_table.myroute","mode":"managed","type":"aws_route_table","name":"myroute","provider_config_key":"aws","expressions":{"route":{"references":["local.igw.id","local.igw"]},"tags":{"constant_value":{"env":"test","name":"myRTtable"}},"vpc_id":{"references":["local.vpc.id","local.vpc"]}},"schema_version":0},{"address":"aws_route_table_association.web1association","mode":"managed","type":"aws_route_table_association","name":"web1association","provider_config_key":"aws","expressions":{"route_table_id":{"references":["aws_route_table.myroute.id","aws_route_table.myroute"]},"subnet_id":{"references":["aws_subnet.web1[0].id","aws_subnet.web1[0]","aws_subnet.web1"]}},"schema_version":0,"depends_on":["aws_route_table.myroute"]},{"address":"aws_route_table_association.web2association","mode":"managed","type":"aws_route_table_association","name":"web2association","provider_config_key":"aws","expressions":{"route_table_id":{"references":["aws_route_table.myroute.id","aws_route_table.myroute"]},"subnet_id":{"references":["aws_subnet.web1[1].id","aws_subnet.web1[1]","aws_subnet.web1"]}},"schema_version":0,"depends_on":["aws_route_table.myroute"]},{"address":"aws_security_group.web","mode":"managed","type":"aws_security_group","name":"web","provider_config_key":"aws","expressions":{"description":{"constant_value":"Security group for web server"},"ingress":{"constant_value":[{"cidr_blocks":["0.0.0.0/0"],"description":null,"from_port":80,"ipv6_cidr_blocks":null,"prefix_list_ids":null,"protocol":"tcp","security_groups":null,"self":null,"to_port":80},{"cidr_blocks":["0.0.0.0/0"],"description":null,"from_port":22,"ipv6_cidr_blocks":null,"prefix_list_ids":null,"protocol":"tcp","security_groups":null,"self":null,"to_port":22}]},"name":{"constant_value":"web-server-sg"}},"schema_version":1},{"address":"aws_subnet.web1","mode":"managed","type":"aws_subnet","name":"web1","provider_config_key":"aws","expressions":{"availability_zone":{"references":["var.azs","count.index"]},"cidr_block":{"references":["aws_vpc.ntierVpc.cidr_block","aws_vpc.ntierVpc","count.index"]},"tags":{"references":["var.subnets","count.index"]},"vpc_id":{"references":["aws_vpc.ntierVpc.id","aws_vpc.ntierVpc"]}},"schema_version":1,"count_expression":{"references":["var.subnets"]},"depends_on":["aws_vpc.ntierVpc"]},{"address":"aws_vpc.ntierVpc","mode":"managed","type":"aws_vpc","name":"ntierVpc","provider_config_key":"aws","expressions":{"cidr_block":{"references":["var.ntierVpccidr"]},"instance_tenancy":{"constant_value":"default"},"tags":{"constant_value":{"env":"test","name":"ntiervpc"}}},"schema_version":1},{"address":"data.aws_ami.myec2machine","mode":"data","type":"aws_ami","name":"myec2machine","provider_config_key":"aws","expressions":{"filter":[{"name":{"constant_value":"name"},"values":{"constant_value":["ubuntu/images/hvm-ssd/ubuntu-jammy-22.04-amd64-server-*"]}},{"name":{"constant_value":"virtualization-type"},"values":{"constant_value":["hvm"]}}],"most_recent":{"constant_value":true},"owners":{"constant_value":["099720109477"]}},"schema_version":0}],"variables":{"azs":{"default":["us-east-1a","us-east-1b","us-east-1c","us-east-1d","us-east-1e","us-east-1f"]},"ntierVpccidr":{"default":"10.0.0.0/16"},"regionName":{"default":"us-east-1"},"subnets":{"default":["web1","web2","app1","app2","db1","db2"]}}}},"relevant_attributes":[{"resource":"aws_vpc.ntierVpc","attribute":[]},{"resource":"aws_internet_gateway.myInternetgateway","attribute":[]},{"resource":"aws_vpc.ntierVpc","attribute":["cidr_block"]},{"resource":"aws_vpc.ntierVpc","attribute":["id"]},{"resource":"aws_route_table.myroute","attribute":["id"]},{"resource":"aws_subnet.web1[0]","attribute":["id"]},{"resource":"aws_subnet.web1[4]","attribute":["id"]},{"resource":"aws_instance.mymachine","attribute":[]},{"resource":"data.aws_ami.myec2machine","attribute":["id"]},{"resource":"aws_subnet.web1[1]","attribute":["id"]},{"resource":"aws_db_subnet_group.mydbsubnet","attribute":["name"]}],"timestamp":"2024-04-29T11:12:51Z","errored":false}
